
Microsoft Visual Studio Solution File, Format Version 12.00
# Visual Studio Version 17
VisualStudioVersion = 17.4.33205.214
MinimumVisualStudioVersion = 10.0.40219.1
Project("{9A19103F-16F7-4668-BE54-9A1E7A4F7556}") = "CaseProject.Data", "CaseProject.Data\CaseProject.Data.csproj", "{6E88286D-7115-443D-B3BD-CB660436F1E0}"
EndProject
Project("{9A19103F-16F7-4668-BE54-9A1E7A4F7556}") = "CaseProject.Entity", "CaseProject.Entity\CaseProject.Entity.csproj", "{B8D4721D-9659-430A-B52A-FF9D28B58735}"
EndProject
Project("{9A19103F-16F7-4668-BE54-9A1E7A4F7556}") = "CaseProject.API", "CaseProject.API\CaseProject.API.csproj", "{C0C6E90E-E66D-47E6-A3C5-B3862FA2C86C}"
EndProject
Project("{9A19103F-16F7-4668-BE54-9A1E7A4F7556}") = "CaseProject.Core", "Core\CaseProject.Core.csproj", "{FF34CD54-1CF6-4173-8AF7-898482644993}"
EndProject
Project("{FAE04EC0-301F-11D3-BF4B-00C04F79EFBC}") = "CaseProject.Business", "CaseProject.Business\CaseProject.Business.csproj", "{DE36984F-0627-4E4A-AEEC-B7FDE8F17BB1}"
EndProject
Project("{FAE04EC0-301F-11D3-BF4B-00C04F79EFBC}") = "CaseProject.MVC", "CaseProject.MVC\CaseProject.MVC.csproj", "{F7B764EB-BDC1-44A1-BB3D-0D91F7A93559}"
EndProject
Global
	GlobalSection(SolutionConfigurationPlatforms) = preSolution
		Debug|Any CPU = Debug|Any CPU
		Release|Any CPU = Release|Any CPU
	EndGlobalSection
	GlobalSection(ProjectConfigurationPlatforms) = postSolution
		{6E88286D-7115-443D-B3BD-CB660436F1E0}.Debug|Any CPU.ActiveCfg = Debug|Any CPU
		{6E88286D-7115-443D-B3BD-CB660436F1E0}.Debug|Any CPU.Build.0 = Debug|Any CPU
		{6E88286D-7115-443D-B3BD-CB660436F1E0}.Release|Any CPU.ActiveCfg = Release|Any CPU
		{6E88286D-7115-443D-B3BD-CB660436F1E0}.Release|Any CPU.Build.0 = Release|Any CPU
		{B8D4721D-9659-430A-B52A-FF9D28B58735}.Debug|Any CPU.ActiveCfg = Debug|Any CPU
		{B8D4721D-9659-430A-B52A-FF9D28B58735}.Debug|Any CPU.Build.0 = Debug|Any CPU
		{B8D4721D-9659-430A-B52A-FF9D28B58735}.Release|Any CPU.ActiveCfg = Release|Any CPU
		{B8D4721D-9659-430A-B52A-FF9D28B58735}.Release|Any CPU.Build.0 = Release|Any CPU
		{C0C6E90E-E66D-47E6-A3C5-B3862FA2C86C}.Debug|Any CPU.ActiveCfg = Debug|Any CPU
		{C0C6E90E-E66D-47E6-A3C5-B3862FA2C86C}.Debug|Any CPU.Build.0 = Debug|Any CPU
		{C0C6E90E-E66D-47E6-A3C5-B3862FA2C86C}.Release|Any CPU.ActiveCfg = Release|Any CPU
		{C0C6E90E-E66D-47E6-A3C5-B3862FA2C86C}.Release|Any CPU.Build.0 = Release|Any CPU
		{FF34CD54-1CF6-4173-8AF7-898482644993}.Debug|Any CPU.ActiveCfg = Debug|Any CPU
		{FF34CD54-1CF6-4173-8AF7-898482644993}.Debug|Any CPU.Build.0 = Debug|Any CPU
		{FF34CD54-1CF6-4173-8AF7-898482644993}.Release|Any CPU.ActiveCfg = Release|Any CPU
		{FF34CD54-1CF6-4173-8AF7-898482644993}.Release|Any CPU.Build.0 = Release|Any CPU
		{DE36984F-0627-4E4A-AEEC-B7FDE8F17BB1}.Debug|Any CPU.ActiveCfg = Debug|Any CPU
		{DE36984F-0627-4E4A-AEEC-B7FDE8F17BB1}.Debug|Any CPU.Build.0 = Debug|Any CPU
		{DE36984F-0627-4E4A-AEEC-B7FDE8F17BB1}.Release|Any CPU.ActiveCfg = Release|Any CPU
		{DE36984F-0627-4E4A-AEEC-B7FDE8F17BB1}.Release|Any CPU.Build.0 = Release|Any CPU
		{F7B764EB-BDC1-44A1-BB3D-0D91F7A93559}.Debug|Any CPU.ActiveCfg = Debug|Any CPU
		{F7B764EB-BDC1-44A1-BB3D-0D91F7A93559}.Debug|Any CPU.Build.0 = Debug|Any CPU
		{F7B764EB-BDC1-44A1-BB3D-0D91F7A93559}.Release|Any CPU.ActiveCfg = Release|Any CPU
		{F7B764EB-BDC1-44A1-BB3D-0D91F7A93559}.Release|Any CPU.Build.0 = Release|Any CPU
	EndGlobalSection
	GlobalSection(SolutionProperties) = preSolution
		HideSolutionNode = FALSE
	EndGlobalSection
	GlobalSection(ExtensibilityGlobals) = postSolution
		SolutionGuid = {62260D3B-D312-46E6-ABAB-53F9012FEFCC}
	EndGlobalSection
EndGlobal
